
Microsoft Visual Studio Solution File, Format Version 12.00
# Visual Studio Version 17
VisualStudioVersion = 17.4.33122.133
MinimumVisualStudioVersion = 10.0.40219.1
Project("{FAE04EC0-301F-11D3-BF4B-00C04F79EFBC}") = "FindPOLineList", "FindPOLineList\FindPOLineList.csproj", "{1305868A-38F5-4147-AC3B-53A3D9FB61D4}"
EndProject
Global
	GlobalSection(SolutionConfigurationPlatforms) = preSolution
		Debug|Any CPU = Debug|Any CPU
		Release|Any CPU = Release|Any CPU
	EndGlobalSection
	GlobalSection(ProjectConfigurationPlatforms) = postSolution
		{1305868A-38F5-4147-AC3B-53A3D9FB61D4}.Debug|Any CPU.ActiveCfg = Debug|Any CPU
		{1305868A-38F5-4147-AC3B-53A3D9FB61D4}.Debug|Any CPU.Build.0 = Debug|Any CPU
		{1305868A-38F5-4147-AC3B-53A3D9FB61D4}.Release|Any CPU.ActiveCfg = Release|Any CPU
		{1305868A-38F5-4147-AC3B-53A3D9FB61D4}.Release|Any CPU.Build.0 = Release|Any CPU
	EndGlobalSection
	GlobalSection(SolutionProperties) = preSolution
		HideSolutionNode = FALSE
	EndGlobalSection
	GlobalSection(ExtensibilityGlobals) = postSolution
		SolutionGuid = {7AB2D5E7-B846-458C-AF31-F97D217DA71F}
	EndGlobalSection
EndGlobal
